
Microsoft Visual Studio Solution File, Format Version 12.00
# Visual Studio Version 16
VisualStudioVersion = 16.0.28922.388
MinimumVisualStudioVersion = 10.0.40219.1
Project("{9A19103F-16F7-4668-BE54-9A1E7A4F7556}") = "TestBussiness", "TestBussiness\TestBussiness.csproj", "{034E8E8A-603B-4CEE-AFED-7E641FBA5AD4}"
EndProject
Project("{9A19103F-16F7-4668-BE54-9A1E7A4F7556}") = "TestWebAPI", "TestWebAPI\TestWebAPI.csproj", "{C4447836-A00F-44E4-AD17-61A8FEA1DDA7}"
EndProject
Project("{FAE04EC0-301F-11D3-BF4B-00C04F79EFBC}") = "TestConsoleApp", "TestConsoleApp\TestConsoleApp.csproj", "{C93C0F4F-78DC-467E-8953-A2CF35144503}"
EndProject
Global
	GlobalSection(SolutionConfigurationPlatforms) = preSolution
		Debug|Any CPU = Debug|Any CPU
		Release|Any CPU = Release|Any CPU
	EndGlobalSection
	GlobalSection(ProjectConfigurationPlatforms) = postSolution
		{034E8E8A-603B-4CEE-AFED-7E641FBA5AD4}.Debug|Any CPU.ActiveCfg = Debug|Any CPU
		{034E8E8A-603B-4CEE-AFED-7E641FBA5AD4}.Debug|Any CPU.Build.0 = Debug|Any CPU
		{034E8E8A-603B-4CEE-AFED-7E641FBA5AD4}.Release|Any CPU.ActiveCfg = Release|Any CPU
		{034E8E8A-603B-4CEE-AFED-7E641FBA5AD4}.Release|Any CPU.Build.0 = Release|Any CPU
		{C4447836-A00F-44E4-AD17-61A8FEA1DDA7}.Debug|Any CPU.ActiveCfg = Debug|Any CPU
		{C4447836-A00F-44E4-AD17-61A8FEA1DDA7}.Debug|Any CPU.Build.0 = Debug|Any CPU
		{C4447836-A00F-44E4-AD17-61A8FEA1DDA7}.Release|Any CPU.ActiveCfg = Release|Any CPU
		{C4447836-A00F-44E4-AD17-61A8FEA1DDA7}.Release|Any CPU.Build.0 = Release|Any CPU
		{C93C0F4F-78DC-467E-8953-A2CF35144503}.Debug|Any CPU.ActiveCfg = Debug|Any CPU
		{C93C0F4F-78DC-467E-8953-A2CF35144503}.Debug|Any CPU.Build.0 = Debug|Any CPU
		{C93C0F4F-78DC-467E-8953-A2CF35144503}.Release|Any CPU.ActiveCfg = Release|Any CPU
		{C93C0F4F-78DC-467E-8953-A2CF35144503}.Release|Any CPU.Build.0 = Release|Any CPU
	EndGlobalSection
	GlobalSection(SolutionProperties) = preSolution
		HideSolutionNode = FALSE
	EndGlobalSection
	GlobalSection(ExtensibilityGlobals) = postSolution
		SolutionGuid = {CE11A9D1-3336-459E-82B6-6E5117E0EDBC}
	EndGlobalSection
EndGlobal
